<?xml version="1.0" encoding="utf-8"?>
<Project ToolsVersion="4.0" xmlns="http://schemas.microsoft.com/developer/msbuild/2003">
  <ItemGroup>
    <ClCompile Include="main.cpp" />
    <ClCompile Include="..\external\imgui-master\imgui.cpp">
      <Filter>Engine\ImGui</Filter>
    </ClCompile>
    <ClCompile Include="..\external\imgui-master\imgui_draw.cpp">
      <Filter>Engine\ImGui</Filter>
    </ClCompile>
    <ClCompile Include="..\external\imgui-master\imgui_widgets.cpp">
      <Filter>Engine\ImGui</Filter>
    </ClCompile>
    <ClCompile Include="..\external\imgui-sfml-master\imgui-SFML.cpp">
      <Filter>Engine\ImGui</Filter>
    </ClCompile>
    <ClCompile Include="..\external\imgui-master\imgui_demo.cpp">
      <Filter>Engine\ImGui</Filter>
    </ClCompile>
    <ClCompile Include="..\external\imgui-master\imgui_tables.cpp">
      <Filter>Engine\ImGui</Filter>
    </ClCompile>
    <ClCompile Include="Engine\Game.cpp">
      <Filter>Engine</Filter>
    </ClCompile>
    <ClCompile Include="Game\GameManager.cpp">
      <Filter>Game</Filter>
    </ClCompile>
    <ClCompile Include="UI\UIManager.cpp">
      <Filter>UI</Filter>
    </ClCompile>
    <ClCompile Include="Engine\Input\InputManager.cpp">
      <Filter>Engine\Input</Filter>
    </ClCompile>
    <ClCompile Include="Game\LevelManager.cpp">
      <Filter>Game</Filter>
    </ClCompile>
    <ClCompile Include="Engine\Collision\CollisionManager.cpp">
      <Filter>Engine\Collision</Filter>
    </ClCompile>
    <ClCompile Include="Engine\Collision\BoxCollideable.cpp">
      <Filter>Engine\Collision</Filter>
    </ClCompile>
    <ClCompile Include="Game\Objects\Bullet.cpp">
      <Filter>Game\Objects</Filter>
    </ClCompile>
    <ClCompile Include="Game\Objects\Door.cpp">
      <Filter>Game\Objects</Filter>
    </ClCompile>
    <ClCompile Include="Game\Objects\SoulChunk.cpp">
      <Filter>Game\Objects</Filter>
    </ClCompile>
    <ClCompile Include="Game\Map\MapGrid.cpp">
      <Filter>Game\Map</Filter>
    </ClCompile>
    <ClCompile Include="Game\Map\Map.cpp">
      <Filter>Game\Map</Filter>
    </ClCompile>
    <ClCompile Include="Game\Entities\Enemy.cpp">
      <Filter>Game\Entities</Filter>
    </ClCompile>
    <ClCompile Include="Game\Entities\Player.cpp">
      <Filter>Game\Entities</Filter>
    </ClCompile>
    <ClCompile Include="Game\Entities\Entity.cpp">
      <Filter>Game\Entities</Filter>
    </ClCompile>
    <ClCompile Include="Game\Camera\CameraManager.cpp">
      <Filter>Game\Camera</Filter>
    </ClCompile>
    <ClCompile Include="Engine\Input\Bindings\Binding.cpp">
      <Filter>Engine\Input\Bindings</Filter>
    </ClCompile>
    <ClCompile Include="Engine\Input\Bindings\JoystickButtonBinding.cpp">
      <Filter>Engine\Input\Bindings</Filter>
    </ClCompile>
    <ClCompile Include="Engine\Input\Bindings\KeyboardBinding.cpp">
      <Filter>Engine\Input\Bindings</Filter>
    </ClCompile>
    <ClCompile Include="Engine\Input\Bindings\MouseBinding.cpp">
      <Filter>Engine\Input\Bindings</Filter>
    </ClCompile>
    <ClCompile Include="Engine\Resources\TextureManager.cpp">
      <Filter>Engine\Resources</Filter>
    </ClCompile>
    <ClCompile Include="Engine\Event\Event.cpp">
      <Filter>Engine\Event</Filter>
    </ClCompile>
    <ClCompile Include="Engine\Event\EventManager.cpp">
      <Filter>Engine\Event</Filter>
    </ClCompile>
    <ClCompile Include="Engine\Event\EventHandler.cpp">
      <Filter>Engine\Event</Filter>
    </ClCompile>
    <ClCompile Include="Engine\Event\IEventHandler.cpp">
      <Filter>Engine\Event</Filter>
    </ClCompile>
    <ClCompile Include="Engine\Animation\Animated.cpp">
      <Filter>Engine\Animation</Filter>
    </ClCompile>
    <ClCompile Include="Engine\Input\Bindings\JoystickAxisBinding.cpp">
      <Filter>Engine\Input\Bindings</Filter>
    </ClCompile>
    <ClCompile Include="Engine\Log\Log.cpp">
      <Filter>Engine\Log</Filter>
    </ClCompile>
    <ClCompile Include="Game\Map\Tiles\ClimbableTile.cpp">
      <Filter>Game\Map\Tiles</Filter>
    </ClCompile>
    <ClCompile Include="Game\Map\Tiles\CollideableTile.cpp">
      <Filter>Game\Map\Tiles</Filter>
    </ClCompile>
    <ClCompile Include="Game\Map\Tiles\Tile.cpp">
      <Filter>Game\Map\Tiles</Filter>
    </ClCompile>
    <ClCompile Include="Game\Objects\Collectible.cpp">
      <Filter>Game\Objects</Filter>
    </ClCompile>
  </ItemGroup>
  <ItemGroup>
    <ClInclude Include="stdafx.h" />
    <ClInclude Include="..\external\imgui-master\imgui_internal.h">
      <Filter>Engine\ImGui</Filter>
    </ClInclude>
    <ClInclude Include="..\external\imgui-master\imgui.h">
      <Filter>Engine\ImGui</Filter>
    </ClInclude>
    <ClInclude Include="..\external\imgui-sfml-master\imgui-SFML.h">
      <Filter>Engine\ImGui</Filter>
    </ClInclude>
    <ClInclude Include="Engine\Game.h">
      <Filter>Engine</Filter>
    </ClInclude>
    <ClInclude Include="Game\GameManager.h">
      <Filter>Game</Filter>
    </ClInclude>
    <ClInclude Include="UI\UIManager.h">
      <Filter>UI</Filter>
    </ClInclude>
    <ClInclude Include="Game\Action.h">
      <Filter>Game</Filter>
    </ClInclude>
    <ClInclude Include="Engine\Input\InputManager.h">
      <Filter>Engine\Input</Filter>
    </ClInclude>
    <ClInclude Include="Game\LevelManager.h">
      <Filter>Game</Filter>
    </ClInclude>
    <ClInclude Include="Engine\Collision\CollisionManager.h">
      <Filter>Engine\Collision</Filter>
    </ClInclude>
    <ClInclude Include="Engine\Collision\BoxCollideable.h">
      <Filter>Engine\Collision</Filter>
    </ClInclude>
    <ClInclude Include="Game\Objects\Bullet.h">
      <Filter>Game\Objects</Filter>
    </ClInclude>
    <ClInclude Include="Game\Objects\Door.h">
      <Filter>Game\Objects</Filter>
    </ClInclude>
    <ClInclude Include="Game\Objects\SoulChunk.h">
      <Filter>Game\Objects</Filter>
    </ClInclude>
    <ClInclude Include="Game\Map\MapGrid.h">
      <Filter>Game\Map</Filter>
    </ClInclude>
    <ClInclude Include="Game\Map\Map.h">
      <Filter>Game\Map</Filter>
    </ClInclude>
    <ClInclude Include="Game\Entities\Enemy.h">
      <Filter>Game\Entities</Filter>
    </ClInclude>
    <ClInclude Include="Game\Entities\Player.h">
      <Filter>Game\Entities</Filter>
    </ClInclude>
    <ClInclude Include="Game\Entities\Entity.h">
      <Filter>Game\Entities</Filter>
    </ClInclude>
    <ClInclude Include="Game\Camera\CameraManager.h">
      <Filter>Game\Camera</Filter>
    </ClInclude>
    <ClInclude Include="Engine\Input\Bindings\Binding.h">
      <Filter>Engine\Input\Bindings</Filter>
    </ClInclude>
    <ClInclude Include="Engine\Input\Bindings\JoystickButtonBinding.h">
      <Filter>Engine\Input\Bindings</Filter>
    </ClInclude>
    <ClInclude Include="Engine\Input\Bindings\KeyboardBinding.h">
      <Filter>Engine\Input\Bindings</Filter>
    </ClInclude>
    <ClInclude Include="Engine\Input\Bindings\MouseBinding.h">
      <Filter>Engine\Input\Bindings</Filter>
    </ClInclude>
    <ClInclude Include="Engine\Resources\TextureManager.h">
      <Filter>Engine\Resources</Filter>
    </ClInclude>
    <ClInclude Include="Engine\Event\Event.h">
      <Filter>Engine\Event</Filter>
    </ClInclude>
    <ClInclude Include="Engine\Event\EventManager.h">
      <Filter>Engine\Event</Filter>
    </ClInclude>
    <ClInclude Include="Engine\Event\EventType.h">
      <Filter>Engine\Event</Filter>
    </ClInclude>
    <ClInclude Include="Engine\Event\EventHandler.h">
      <Filter>Engine\Event</Filter>
    </ClInclude>
    <ClInclude Include="Engine\Event\IEventHandler.h">
      <Filter>Engine\Event</Filter>
    </ClInclude>
    <ClInclude Include="Engine\Animation\Animated.h">
      <Filter>Engine\Animation</Filter>
    </ClInclude>
    <ClInclude Include="Engine\Input\Bindings\JoystickAxisBinding.h">
      <Filter>Engine\Input\Bindings</Filter>
    </ClInclude>
    <ClInclude Include="Engine\Log\Log.h">
      <Filter>Engine\Log</Filter>
    </ClInclude>
    <ClInclude Include="Game\Map\Tiles\CollideableTile.h">
      <Filter>Game\Map\Tiles</Filter>
    </ClInclude>
    <ClInclude Include="Game\Map\Tiles\ClimbableTile.h">
      <Filter>Game\Map\Tiles</Filter>
    </ClInclude>
    <ClInclude Include="Game\Map\Tiles\Tile.h">
      <Filter>Game\Map\Tiles</Filter>
    </ClInclude>
    <ClInclude Include="Game\Map\Tiles\TileType.h">
      <Filter>Game\Map\Tiles</Filter>
    </ClInclude>
    <ClInclude Include="Game\Objects\Collectible.h">
      <Filter>Game\Objects</Filter>
    </ClInclude>
  </ItemGroup>
  <ItemGroup>
    <Filter Include="Engine">
      <UniqueIdentifier>{cdcbff54-e6fd-43a3-a20c-abdf62e8e4d7}</UniqueIdentifier>
    </Filter>
    <Filter Include="Game">
      <UniqueIdentifier>{56dbd27f-69d6-403c-b717-2026591c616d}</UniqueIdentifier>
    </Filter>
    <Filter Include="Engine\ImGui">
      <UniqueIdentifier>{f630cd3c-1cea-471c-9a95-a35b86a8dd9e}</UniqueIdentifier>
    </Filter>
    <Filter Include="UI">
      <UniqueIdentifier>{c1b60333-6926-4664-bf40-f97c3dd7407b}</UniqueIdentifier>
    </Filter>
    <Filter Include="AI">
      <UniqueIdentifier>{bca247fe-bc66-42dc-aa4f-72bb09abbdda}</UniqueIdentifier>
    </Filter>
    <Filter Include="Engine\Input">
      <UniqueIdentifier>{995b79ec-7317-49f4-a3e0-da13d7395213}</UniqueIdentifier>
    </Filter>
    <Filter Include="Game\Map">
      <UniqueIdentifier>{88809e3a-a87f-437b-b1de-c12a55739385}</UniqueIdentifier>
    </Filter>
    <Filter Include="Engine\Collision">
      <UniqueIdentifier>{203e2ef4-857b-4a15-854d-f73848e1fa16}</UniqueIdentifier>
    </Filter>
    <Filter Include="Game\Objects">
      <UniqueIdentifier>{5105a13c-1ee1-4f7d-8f6f-4ad7d87b8496}</UniqueIdentifier>
    </Filter>
    <Filter Include="Game\Entities">
      <UniqueIdentifier>{02c5a448-829b-4326-a01d-014738821314}</UniqueIdentifier>
    </Filter>
    <Filter Include="Game\Camera">
      <UniqueIdentifier>{4017dea4-0587-42c6-99e5-011a05bd8c70}</UniqueIdentifier>
    </Filter>
    <Filter Include="Engine\Input\Bindings">
      <UniqueIdentifier>{55fc511f-c23c-4c08-a1e9-e773c44decb5}</UniqueIdentifier>
    </Filter>
    <Filter Include="Engine\Event">
      <UniqueIdentifier>{2c63bcb9-9352-4ce5-be4d-170dbf827fab}</UniqueIdentifier>
    </Filter>
    <Filter Include="Engine\Resources">
      <UniqueIdentifier>{30f1a4d7-bc5f-4429-8d25-41dbee585367}</UniqueIdentifier>
    </Filter>
    <Filter Include="Engine\Animation">
      <UniqueIdentifier>{c5a5fbe3-1e54-4cca-a9a5-4193c996712f}</UniqueIdentifier>
    </Filter>
    <Filter Include="Engine\Log">
      <UniqueIdentifier>{aa5f247f-d98d-4b4d-a4e9-22eb33eeaa8e}</UniqueIdentifier>
    </Filter>
    <Filter Include="Game\Map\Tiles">
      <UniqueIdentifier>{9d482138-3175-4355-91d9-39c7bd7339c5}</UniqueIdentifier>
    </Filter>
  </ItemGroup>
</Project>